
Microsoft Visual Studio Solution File, Format Version 12.00
# Visual Studio 15
VisualStudioVersion = 15.0.28010.2003
MinimumVisualStudioVersion = 10.0.40219.1
Project("{FAE04EC0-301F-11D3-BF4B-00C04F79EFBC}") = "lista1_ex1_letrab", "lista1_ex1_letrab\lista1_ex1_letrab.csproj", "{53502BAB-EA73-43EC-A8E1-9392FD38A70D}"
EndProject
Global
	GlobalSection(SolutionConfigurationPlatforms) = preSolution
		Debug|Any CPU = Debug|Any CPU
		Release|Any CPU = Release|Any CPU
	EndGlobalSection
	GlobalSection(ProjectConfigurationPlatforms) = postSolution
		{53502BAB-EA73-43EC-A8E1-9392FD38A70D}.Debug|Any CPU.ActiveCfg = Debug|Any CPU
		{53502BAB-EA73-43EC-A8E1-9392FD38A70D}.Debug|Any CPU.Build.0 = Debug|Any CPU
		{53502BAB-EA73-43EC-A8E1-9392FD38A70D}.Release|Any CPU.ActiveCfg = Release|Any CPU
		{53502BAB-EA73-43EC-A8E1-9392FD38A70D}.Release|Any CPU.Build.0 = Release|Any CPU
	EndGlobalSection
	GlobalSection(SolutionProperties) = preSolution
		HideSolutionNode = FALSE
	EndGlobalSection
	GlobalSection(ExtensibilityGlobals) = postSolution
		SolutionGuid = {D9A5B53C-978A-4FD9-9DF9-57369F6CC663}
	EndGlobalSection
EndGlobal
