
Microsoft Visual Studio Solution File, Format Version 12.00
# Visual Studio 15
VisualStudioVersion = 15.0.28010.2003
MinimumVisualStudioVersion = 10.0.40219.1
Project("{FAE04EC0-301F-11D3-BF4B-00C04F79EFBC}") = "lista1ex4", "lista1ex4\lista1ex4.csproj", "{5BD92A41-1119-48DA-8002-3A6B327F3424}"
EndProject
Global
	GlobalSection(SolutionConfigurationPlatforms) = preSolution
		Debug|Any CPU = Debug|Any CPU
		Release|Any CPU = Release|Any CPU
	EndGlobalSection
	GlobalSection(ProjectConfigurationPlatforms) = postSolution
		{5BD92A41-1119-48DA-8002-3A6B327F3424}.Debug|Any CPU.ActiveCfg = Debug|Any CPU
		{5BD92A41-1119-48DA-8002-3A6B327F3424}.Debug|Any CPU.Build.0 = Debug|Any CPU
		{5BD92A41-1119-48DA-8002-3A6B327F3424}.Release|Any CPU.ActiveCfg = Release|Any CPU
		{5BD92A41-1119-48DA-8002-3A6B327F3424}.Release|Any CPU.Build.0 = Release|Any CPU
	EndGlobalSection
	GlobalSection(SolutionProperties) = preSolution
		HideSolutionNode = FALSE
	EndGlobalSection
	GlobalSection(ExtensibilityGlobals) = postSolution
		SolutionGuid = {EA0B599B-8AEB-4267-914F-60EBF6900201}
	EndGlobalSection
EndGlobal
